
Microsoft Visual Studio Solution File, Format Version 12.00
# Visual Studio Version 16
VisualStudioVersion = 16.0.31729.503
MinimumVisualStudioVersion = 10.0.40219.1
Project("{9A19103F-16F7-4668-BE54-9A1E7A4F7556}") = "MapeandoBDPreEexistente", "MapeandoBDPreEexistente\MapeandoBDPreEexistente.csproj", "{2095669A-5A0D-4FDF-B7AB-00A434DDB6D9}"
EndProject
Global
	GlobalSection(SolutionConfigurationPlatforms) = preSolution
		Debug|Any CPU = Debug|Any CPU
		Release|Any CPU = Release|Any CPU
	EndGlobalSection
	GlobalSection(ProjectConfigurationPlatforms) = postSolution
		{2095669A-5A0D-4FDF-B7AB-00A434DDB6D9}.Debug|Any CPU.ActiveCfg = Debug|Any CPU
		{2095669A-5A0D-4FDF-B7AB-00A434DDB6D9}.Debug|Any CPU.Build.0 = Debug|Any CPU
		{2095669A-5A0D-4FDF-B7AB-00A434DDB6D9}.Release|Any CPU.ActiveCfg = Release|Any CPU
		{2095669A-5A0D-4FDF-B7AB-00A434DDB6D9}.Release|Any CPU.Build.0 = Release|Any CPU
	EndGlobalSection
	GlobalSection(SolutionProperties) = preSolution
		HideSolutionNode = FALSE
	EndGlobalSection
	GlobalSection(ExtensibilityGlobals) = postSolution
		SolutionGuid = {C967E775-F27D-4E50-856A-577D787F392A}
	EndGlobalSection
EndGlobal
